<Solution>
  <Folder Name="/RenewCertify/" />
  <Folder Name="/src/">
    <File Path="src/DigitalSign.API/DbContextAddition.cs" />
    <Project Path="src/DigitalSign.API/DigitalSign.API.csproj" />
    <Project Path="src/DigitalSign.Core/DigitalSign.Core.csproj" />
    <Project Path="src/DigitalSign.Data/DigitalSign.Data.csproj" />
  </Folder>
  <Folder Name="/tests/">
    <Project Path="tests/DigitalSign.Tests/DigitalSign.Tests.csproj" />
  </Folder>
</Solution>
